
Microsoft Visual Studio Solution File, Format Version 12.00
# Visual Studio Version 17
VisualStudioVersion = 17.0.31903.59
MinimumVisualStudioVersion = 10.0.40219.1
Project("{2150E333-8FDC-42A3-9474-1A3956D46DE8}") = "src", "src", "{2C4ECC9E-6DF9-44F2-A72D-D1FE1331808A}"
EndProject
Project("{9A19103F-16F7-4668-BE54-9A1E7A4F7556}") = "KBMGrpcService", "src\KBMGrpcService\KBMGrpcService.csproj", "{BA71E8B5-B061-4C94-A85A-6069EB8F34D9}"
EndProject
Project("{9A19103F-16F7-4668-BE54-9A1E7A4F7556}") = "KBMHttpService", "src\KBMHttpService\KBMHttpService.csproj", "{ED34AA56-DE54-4D50-93F2-A58B3AA4878F}"
EndProject
Project("{FAE04EC0-301F-11D3-BF4B-00C04F79EFBC}") = "KBMProtos", "src\KBMProtos\KBMProtos.csproj", "{7829DF88-AAB4-4AE8-9631-2EBBEA67B288}"
EndProject
Global
	GlobalSection(SolutionConfigurationPlatforms) = preSolution
		Debug|Any CPU = Debug|Any CPU
		Release|Any CPU = Release|Any CPU
	EndGlobalSection
	GlobalSection(ProjectConfigurationPlatforms) = postSolution
		{BA71E8B5-B061-4C94-A85A-6069EB8F34D9}.Debug|Any CPU.ActiveCfg = Debug|Any CPU
		{BA71E8B5-B061-4C94-A85A-6069EB8F34D9}.Debug|Any CPU.Build.0 = Debug|Any CPU
		{BA71E8B5-B061-4C94-A85A-6069EB8F34D9}.Release|Any CPU.ActiveCfg = Release|Any CPU
		{BA71E8B5-B061-4C94-A85A-6069EB8F34D9}.Release|Any CPU.Build.0 = Release|Any CPU
		{ED34AA56-DE54-4D50-93F2-A58B3AA4878F}.Debug|Any CPU.ActiveCfg = Debug|Any CPU
		{ED34AA56-DE54-4D50-93F2-A58B3AA4878F}.Debug|Any CPU.Build.0 = Debug|Any CPU
		{ED34AA56-DE54-4D50-93F2-A58B3AA4878F}.Release|Any CPU.ActiveCfg = Release|Any CPU
		{ED34AA56-DE54-4D50-93F2-A58B3AA4878F}.Release|Any CPU.Build.0 = Release|Any CPU
		{7829DF88-AAB4-4AE8-9631-2EBBEA67B288}.Debug|Any CPU.ActiveCfg = Debug|Any CPU
		{7829DF88-AAB4-4AE8-9631-2EBBEA67B288}.Debug|Any CPU.Build.0 = Debug|Any CPU
		{7829DF88-AAB4-4AE8-9631-2EBBEA67B288}.Release|Any CPU.ActiveCfg = Release|Any CPU
		{7829DF88-AAB4-4AE8-9631-2EBBEA67B288}.Release|Any CPU.Build.0 = Release|Any CPU
	EndGlobalSection
	GlobalSection(SolutionProperties) = preSolution
		HideSolutionNode = FALSE
	EndGlobalSection
	GlobalSection(NestedProjects) = preSolution
		{BA71E8B5-B061-4C94-A85A-6069EB8F34D9} = {2C4ECC9E-6DF9-44F2-A72D-D1FE1331808A}
		{ED34AA56-DE54-4D50-93F2-A58B3AA4878F} = {2C4ECC9E-6DF9-44F2-A72D-D1FE1331808A}
		{7829DF88-AAB4-4AE8-9631-2EBBEA67B288} = {2C4ECC9E-6DF9-44F2-A72D-D1FE1331808A}
	EndGlobalSection
EndGlobal
